PODS:
  - Flutter (1.0.0)
  - flutter_screen (0.0.1):
    - Flutter

DEPENDENCIES:
  - Flutter (from `Flutter`)
  - flutter_screen (from `.symlinks/plugins/flutter_screen/ios`)

EXTERNAL SOURCES:
  Flutter:
    :path: Flutter
  flutter_screen:
    :path: ".symlinks/plugins/flutter_screen/ios"

SPEC CHECKSUMS:
  Flutter: cabc95a1d2626b1b06e7179b784ebcf0c0cde467
  flutter_screen: bc8cc4aa71383328327f1f20e3d52841c24130c8

PODFILE CHECKSUM: 0dbd5a87e0ace00c9610d2037ac22083a01f861d

COCOAPODS: 1.16.2
