PODS:
  - Flutter (1.0.0)
  - flutter_screen (0.0.1):
    - Flutter

DEPENDENCIES:
  - Flutter (from `Flutter`)
  - flutter_screen (from `.symlinks/plugins/flutter_screen/ios`)

EXTERNAL SOURCES:
  Flutter:
    :path: Flutter
  flutter_screen:
    :path: ".symlinks/plugins/flutter_screen/ios"

SPEC CHECKSUMS:
  Flutter: e0871f40cf51350855a761d2e70bf5af5b9b5de7
  flutter_screen: bc8cc4aa71383328327f1f20e3d52841c24130c8

PODFILE CHECKSUM: c4c93c5f6502fe2754f48404d3594bf779584011

COCOAPODS: 1.15.2
